// !$*UTF8*$!
{
	archiveVersion = 1;
	classes = {
	};
	objectVersion = 50;
	objects = {

/* Begin PBXBuildFile section */
		86AE0EC921BF09E100D250B1 /* main.cpp in Sources */ = {isa = PBXBuildFile; fileRef = 86AE0EC821BF09E100D250B1 /* main.cpp */; };
		86CC269721C5474300D6800F /* MPoint.cpp in Sources */ = {isa = PBXBuildFile; fileRef = 86CC269321C5474200D6800F /* MPoint.cpp */; };
		86E038CA21D679B200C7F609 /* IteratorRange.cpp in Sources */ = {isa = PBXBuildFile; fileRef = 86E038C921D679B200C7F609 /* IteratorRange.cpp */; };
		86E038D321D67ACB00C7F609 /* Spring.cpp in Sources */ = {isa = PBXBuildFile; fileRef = 86E038CB21D67ACA00C7F609 /* Spring.cpp */; };
		86E038D421D67ACB00C7F609 /* Body.cpp in Sources */ = {isa = PBXBuildFile; fileRef = 86E038CF21D67ACB00C7F609 /* Body.cpp */; };
		86E038D521D67ACB00C7F609 /* SpringPair.cpp in Sources */ = {isa = PBXBuildFile; fileRef = 86E038D221D67ACB00C7F609 /* SpringPair.cpp */; };
/* End PBXBuildFile section */

/* Begin PBXCopyFilesBuildPhase section */
		86AE0EC321BF09E100D250B1 /* CopyFiles */ = {
			isa = PBXCopyFilesBuildPhase;
			buildActionMask = 2147483647;
			dstPath = /usr/share/man/man1/;
			dstSubfolderSpec = 0;
			files = (
			);
			runOnlyForDeploymentPostprocessing = 1;
		};
/* End PBXCopyFilesBuildPhase section */

/* Begin PBXFileReference section */
		86872B7021C01225007F21E1 /* list.h */ = {isa = PBXFileReference; fileEncoding = 4; lastKnownFileType = sourcecode.c.h; path = list.h; sourceTree = "<group>"; };
		86872B7121C01225007F21E1 /* darray.h */ = {isa = PBXFileReference; fileEncoding = 4; lastKnownFileType = sourcecode.c.h; path = darray.h; sourceTree = "<group>"; };
		86AE0EC521BF09E100D250B1 /* Physics Engine 3.0 */ = {isa = PBXFileReference; explicitFileType = "compiled.mach-o.executable"; includeInIndex = 0; path = "Physics Engine 3.0"; sourceTree = BUILT_PRODUCTS_DIR; };
		86AE0EC821BF09E100D250B1 /* main.cpp */ = {isa = PBXFileReference; lastKnownFileType = sourcecode.cpp.cpp; path = main.cpp; sourceTree = "<group>"; };
		86CC269321C5474200D6800F /* MPoint.cpp */ = {isa = PBXFileReference; fileEncoding = 4; lastKnownFileType = sourcecode.cpp.cpp; path = MPoint.cpp; sourceTree = "<group>"; };
		86CC269421C5474200D6800F /* Vector.h */ = {isa = PBXFileReference; fileEncoding = 4; lastKnownFileType = sourcecode.c.h; path = Vector.h; sourceTree = "<group>"; };
		86CC269521C5474300D6800F /* MPoint.h */ = {isa = PBXFileReference; fileEncoding = 4; lastKnownFileType = sourcecode.c.h; path = MPoint.h; sourceTree = "<group>"; };
		86CC269621C5474300D6800F /* config.h */ = {isa = PBXFileReference; fileEncoding = 4; lastKnownFileType = sourcecode.c.h; path = config.h; sourceTree = "<group>"; };
		86CC269821C54AC900D6800F /* profiler.h */ = {isa = PBXFileReference; fileEncoding = 4; lastKnownFileType = sourcecode.c.h; path = profiler.h; sourceTree = "<group>"; };
		86CC269A21C6317700D6800F /* ErrorController */ = {isa = PBXFileReference; lastKnownFileType = folder; path = ErrorController; sourceTree = "<group>"; };
		86E038C921D679B200C7F609 /* IteratorRange.cpp */ = {isa = PBXFileReference; lastKnownFileType = sourcecode.cpp.cpp; path = IteratorRange.cpp; sourceTree = "<group>"; };
		86E038CB21D67ACA00C7F609 /* Spring.cpp */ = {isa = PBXFileReference; fileEncoding = 4; lastKnownFileType = sourcecode.cpp.cpp; name = Spring.cpp; path = "Physics Engine 3.0/Spring.cpp"; sourceTree = "<group>"; };
		86E038CC21D67ACA00C7F609 /* Pair.h */ = {isa = PBXFileReference; fileEncoding = 4; lastKnownFileType = sourcecode.c.h; name = Pair.h; path = "Physics Engine 3.0/Pair.h"; sourceTree = "<group>"; };
		86E038CD21D67ACA00C7F609 /* output.txt */ = {isa = PBXFileReference; fileEncoding = 4; lastKnownFileType = text; name = output.txt; path = "Physics Engine 3.0/output.txt"; sourceTree = "<group>"; };
		86E038CE21D67ACA00C7F609 /* Body.h */ = {isa = PBXFileReference; fileEncoding = 4; lastKnownFileType = sourcecode.c.h; name = Body.h; path = "Physics Engine 3.0/Body.h"; sourceTree = "<group>"; };
		86E038CF21D67ACB00C7F609 /* Body.cpp */ = {isa = PBXFileReference; fileEncoding = 4; lastKnownFileType = sourcecode.cpp.cpp; name = Body.cpp; path = "Physics Engine 3.0/Body.cpp"; sourceTree = "<group>"; };
		86E038D021D67ACB00C7F609 /* Spring.h */ = {isa = PBXFileReference; fileEncoding = 4; lastKnownFileType = sourcecode.c.h; name = Spring.h; path = "Physics Engine 3.0/Spring.h"; sourceTree = "<group>"; };
		86E038D121D67ACB00C7F609 /* SpringPair.h */ = {isa = PBXFileReference; fileEncoding = 4; lastKnownFileType = sourcecode.c.h; name = SpringPair.h; path = "Physics Engine 3.0/SpringPair.h"; sourceTree = "<group>"; };
		86E038D221D67ACB00C7F609 /* SpringPair.cpp */ = {isa = PBXFileReference; fileEncoding = 4; lastKnownFileType = sourcecode.cpp.cpp; name = SpringPair.cpp; path = "Physics Engine 3.0/SpringPair.cpp"; sourceTree = "<group>"; };
/* End PBXFileReference section */

/* Begin PBXFrameworksBuildPhase section */
		86AE0EC221BF09E100D250B1 /* Frameworks */ = {
			isa = PBXFrameworksBuildPhase;
			buildActionMask = 2147483647;
			files = (
			);
			runOnlyForDeploymentPostprocessing = 0;
		};
/* End PBXFrameworksBuildPhase section */

/* Begin PBXGroup section */
		86AE0EBC21BF09E100D250B1 = {
			isa = PBXGroup;
			children = (
				86CC269A21C6317700D6800F /* ErrorController */,
				86AE0EC721BF09E100D250B1 /* Physics Engine 3.0 */,
				86E038CF21D67ACB00C7F609 /* Body.cpp */,
				86E038CE21D67ACA00C7F609 /* Body.h */,
				86E038CD21D67ACA00C7F609 /* output.txt */,
				86E038CC21D67ACA00C7F609 /* Pair.h */,
				86E038CB21D67ACA00C7F609 /* Spring.cpp */,
				86E038D021D67ACB00C7F609 /* Spring.h */,
				86E038D221D67ACB00C7F609 /* SpringPair.cpp */,
				86E038D121D67ACB00C7F609 /* SpringPair.h */,
				86AE0EC621BF09E100D250B1 /* Products */,
			);
			sourceTree = "<group>";
		};
		86AE0EC621BF09E100D250B1 /* Products */ = {
			isa = PBXGroup;
			children = (
				86AE0EC521BF09E100D250B1 /* Physics Engine 3.0 */,
			);
			name = Products;
			sourceTree = "<group>";
		};
		86AE0EC721BF09E100D250B1 /* Physics Engine 3.0 */ = {
			isa = PBXGroup;
			children = (
				86AE0EC821BF09E100D250B1 /* main.cpp */,
				86872B7121C01225007F21E1 /* darray.h */,
				86872B7021C01225007F21E1 /* list.h */,
				86E038C921D679B200C7F609 /* IteratorRange.cpp */,
				86CC269621C5474300D6800F /* config.h */,
				86CC269321C5474200D6800F /* MPoint.cpp */,
				86CC269521C5474300D6800F /* MPoint.h */,
				86CC269421C5474200D6800F /* Vector.h */,
				86CC269821C54AC900D6800F /* profiler.h */,
			);
			path = "Physics Engine 3.0";
			sourceTree = "<group>";
		};
/* End PBXGroup section */

/* Begin PBXNativeTarget section */
		86AE0EC421BF09E100D250B1 /* Physics Engine 3.0 */ = {
			isa = PBXNativeTarget;
			buildConfigurationList = 86AE0ECC21BF09E100D250B1 /* Build configuration list for PBXNativeTarget "Physics Engine 3.0" */;
			buildPhases = (
				86AE0EC121BF09E100D250B1 /* Sources */,
				86AE0EC221BF09E100D250B1 /* Frameworks */,
				86AE0EC321BF09E100D250B1 /* CopyFiles */,
			);
			buildRules = (
			);
			dependencies = (
			);
			name = "Physics Engine 3.0";
			productName = "Physics Engine 3.0";
			productReference = 86AE0EC521BF09E100D250B1 /* Physics Engine 3.0 */;
			productType = "com.apple.product-type.tool";
		};
/* End PBXNativeTarget section */

/* Begin PBXProject section */
		86AE0EBD21BF09E100D250B1 /* Project object */ = {
			isa = PBXProject;
			attributes = {
				LastUpgradeCheck = 1000;
				ORGANIZATIONNAME = "Эльдар Дамиров";
				TargetAttributes = {
					86AE0EC421BF09E100D250B1 = {
						CreatedOnToolsVersion = 10.0;
					};
				};
			};
			buildConfigurationList = 86AE0EC021BF09E100D250B1 /* Build configuration list for PBXProject "Physics Engine 3.0" */;
			compatibilityVersion = "Xcode 9.3";
			developmentRegion = en;
			hasScannedForEncodings = 0;
			knownRegions = (
				en,
			);
			mainGroup = 86AE0EBC21BF09E100D250B1;
			productRefGroup = 86AE0EC621BF09E100D250B1 /* Products */;
			projectDirPath = "";
			projectRoot = "";
			targets = (
				86AE0EC421BF09E100D250B1 /* Physics Engine 3.0 */,
			);
		};
/* End PBXProject section */

/* Begin PBXSourcesBuildPhase section */
		86AE0EC121BF09E100D250B1 /* Sources */ = {
			isa = PBXSourcesBuildPhase;
			buildActionMask = 2147483647;
			files = (
				86E038D521D67ACB00C7F609 /* SpringPair.cpp in Sources */,
				86CC269721C5474300D6800F /* MPoint.cpp in Sources */,
				86AE0EC921BF09E100D250B1 /* main.cpp in Sources */,
				86E038D321D67ACB00C7F609 /* Spring.cpp in Sources */,
				86E038CA21D679B200C7F609 /* IteratorRange.cpp in Sources */,
				86E038D421D67ACB00C7F609 /* Body.cpp in Sources */,
			);
			runOnlyForDeploymentPostprocessing = 0;
		};
/* End PBXSourcesBuildPhase section */

/* Begin XCBuildConfiguration section */
		86AE0ECA21BF09E100D250B1 /* Debug */ = {
			isa = XCBuildConfiguration;
			buildSettings = {
				ALWAYS_SEARCH_USER_PATHS = NO;
				CLANG_ANALYZER_NONNULL = YES;
				CLANG_ANALYZER_NUMBER_OBJECT_CONVERSION = YES_AGGRESSIVE;
				CLANG_CXX_LANGUAGE_STANDARD = "gnu++14";
				CLANG_CXX_LIBRARY = "libc++";
				CLANG_ENABLE_MODULES = YES;
				CLANG_ENABLE_OBJC_ARC = YES;
				CLANG_ENABLE_OBJC_WEAK = YES;
				CLANG_WARN_BLOCK_CAPTURE_AUTORELEASING = YES;
				CLANG_WARN_BOOL_CONVERSION = YES;
				CLANG_WARN_COMMA = YES;
				CLANG_WARN_CONSTANT_CONVERSION = YES;
				CLANG_WARN_DEPRECATED_OBJC_IMPLEMENTATIONS = YES;
				CLANG_WARN_DIRECT_OBJC_ISA_USAGE = YES_ERROR;
				CLANG_WARN_DOCUMENTATION_COMMENTS = YES;
				CLANG_WARN_EMPTY_BODY = YES;
				CLANG_WARN_ENUM_CONVERSION = YES;
				CLANG_WARN_INFINITE_RECURSION = YES;
				CLANG_WARN_INT_CONVERSION = YES;
				CLANG_WARN_NON_LITERAL_NULL_CONVERSION = YES;
				CLANG_WARN_OBJC_IMPLICIT_RETAIN_SELF = YES;
				CLANG_WARN_OBJC_LITERAL_CONVERSION = YES;
				CLANG_WARN_OBJC_ROOT_CLASS = YES_ERROR;
				CLANG_WARN_RANGE_LOOP_ANALYSIS = YES;
				CLANG_WARN_STRICT_PROTOTYPES = YES;
				CLANG_WARN_SUSPICIOUS_MOVE = YES;
				CLANG_WARN_UNGUARDED_AVAILABILITY = YES_AGGRESSIVE;
				CLANG_WARN_UNREACHABLE_CODE = YES;
				CLANG_WARN__DUPLICATE_METHOD_MATCH = YES;
				CODE_SIGN_IDENTITY = "Mac Developer";
				COPY_PHASE_STRIP = NO;
				DEBUG_INFORMATION_FORMAT = dwarf;
				ENABLE_STRICT_OBJC_MSGSEND = YES;
				ENABLE_TESTABILITY = YES;
				GCC_C_LANGUAGE_STANDARD = gnu11;
				GCC_DYNAMIC_NO_PIC = NO;
				GCC_NO_COMMON_BLOCKS = YES;
				GCC_OPTIMIZATION_LEVEL = 0;
				GCC_PREPROCESSOR_DEFINITIONS = (
					"DEBUG=1",
					"$(inherited)",
				);
				GCC_WARN_64_TO_32_BIT_CONVERSION = YES;
				GCC_WARN_ABOUT_RETURN_TYPE = YES_ERROR;
				GCC_WARN_UNDECLARED_SELECTOR = YES;
				GCC_WARN_UNINITIALIZED_AUTOS = YES_AGGRESSIVE;
				GCC_WARN_UNUSED_FUNCTION = YES;
				GCC_WARN_UNUSED_VARIABLE = YES;
				MACOSX_DEPLOYMENT_TARGET = 10.13;
				MTL_ENABLE_DEBUG_INFO = INCLUDE_SOURCE;
				MTL_FAST_MATH = YES;
				ONLY_ACTIVE_ARCH = YES;
				SDKROOT = macosx;
			};
			name = Debug;
		};
		86AE0ECB21BF09E100D250B1 /* Release */ = {
			isa = XCBuildConfiguration;
			buildSettings = {
				ALWAYS_SEARCH_USER_PATHS = NO;
				CLANG_ANALYZER_NONNULL = YES;
				CLANG_ANALYZER_NUMBER_OBJECT_CONVERSION = YES_AGGRESSIVE;
				CLANG_CXX_LANGUAGE_STANDARD = "gnu++14";
				CLANG_CXX_LIBRARY = "libc++";
				CLANG_ENABLE_MODULES = YES;
				CLANG_ENABLE_OBJC_ARC = YES;
				CLANG_ENABLE_OBJC_WEAK = YES;
				CLANG_WARN_BLOCK_CAPTURE_AUTORELEASING = YES;
				CLANG_WARN_BOOL_CONVERSION = YES;
				CLANG_WARN_COMMA = YES;
				CLANG_WARN_CONSTANT_CONVERSION = YES;
				CLANG_WARN_DEPRECATED_OBJC_IMPLEMENTATIONS = YES;
				CLANG_WARN_DIRECT_OBJC_ISA_USAGE = YES_ERROR;
				CLANG_WARN_DOCUMENTATION_COMMENTS = YES;
				CLANG_WARN_EMPTY_BODY = YES;
				CLANG_WARN_ENUM_CONVERSION = YES;
				CLANG_WARN_INFINITE_RECURSION = YES;
				CLANG_WARN_INT_CONVERSION = YES;
				CLANG_WARN_NON_LITERAL_NULL_CONVERSION = YES;
				CLANG_WARN_OBJC_IMPLICIT_RETAIN_SELF = YES;
				CLANG_WARN_OBJC_LITERAL_CONVERSION = YES;
				CLANG_WARN_OBJC_ROOT_CLASS = YES_ERROR;
				CLANG_WARN_RANGE_LOOP_ANALYSIS = YES;
				CLANG_WARN_STRICT_PROTOTYPES = YES;
				CLANG_WARN_SUSPICIOUS_MOVE = YES;
				CLANG_WARN_UNGUARDED_AVAILABILITY = YES_AGGRESSIVE;
				CLANG_WARN_UNREACHABLE_CODE = YES;
				CLANG_WARN__DUPLICATE_METHOD_MATCH = YES;
				CODE_SIGN_IDENTITY = "Mac Developer";
				COPY_PHASE_STRIP = NO;
				DEBUG_INFORMATION_FORMAT = "dwarf-with-dsym";
				ENABLE_NS_ASSERTIONS = NO;
				ENABLE_STRICT_OBJC_MSGSEND = YES;
				GCC_C_LANGUAGE_STANDARD = gnu11;
				GCC_NO_COMMON_BLOCKS = YES;
				GCC_WARN_64_TO_32_BIT_CONVERSION = YES;
				GCC_WARN_ABOUT_RETURN_TYPE = YES_ERROR;
				GCC_WARN_UNDECLARED_SELECTOR = YES;
				GCC_WARN_UNINITIALIZED_AUTOS = YES_AGGRESSIVE;
				GCC_WARN_UNUSED_FUNCTION = YES;
				GCC_WARN_UNUSED_VARIABLE = YES;
				MACOSX_DEPLOYMENT_TARGET = 10.13;
				MTL_ENABLE_DEBUG_INFO = NO;
				MTL_FAST_MATH = YES;
				SDKROOT = macosx;
			};
			name = Release;
		};
		86AE0ECD21BF09E100D250B1 /* Debug */ = {
			isa = XCBuildConfiguration;
			buildSettings = {
				CLANG_CXX_LANGUAGE_STANDARD = "gnu++17";
				CODE_SIGN_STYLE = Automatic;
				DEVELOPMENT_TEAM = AUWER2S3N2;
				PRODUCT_NAME = "$(TARGET_NAME)";
			};
			name = Debug;
		};
		86AE0ECE21BF09E100D250B1 /* Release */ = {
			isa = XCBuildConfiguration;
			buildSettings = {
				CLANG_CXX_LANGUAGE_STANDARD = "gnu++17";
				CODE_SIGN_STYLE = Automatic;
				DEVELOPMENT_TEAM = AUWER2S3N2;
				PRODUCT_NAME = "$(TARGET_NAME)";
			};
			name = Release;
		};
/* End XCBuildConfiguration section */

/* Begin XCConfigurationList section */
		86AE0EC021BF09E100D250B1 /* Build configuration list for PBXProject "Physics Engine 3.0" */ = {
			isa = XCConfigurationList;
			buildConfigurations = (
				86AE0ECA21BF09E100D250B1 /* Debug */,
				86AE0ECB21BF09E100D250B1 /* Release */,
			);
			defaultConfigurationIsVisible = 0;
			defaultConfigurationName = Release;
		};
		86AE0ECC21BF09E100D250B1 /* Build configuration list for PBXNativeTarget "Physics Engine 3.0" */ = {
			isa = XCConfigurationList;
			buildConfigurations = (
				86AE0ECD21BF09E100D250B1 /* Debug */,
				86AE0ECE21BF09E100D250B1 /* Release */,
			);
			defaultConfigurationIsVisible = 0;
			defaultConfigurationName = Release;
		};
/* End XCConfigurationList section */
	};
	rootObject = 86AE0EBD21BF09E100D250B1 /* Project object */;
}
